
Microsoft Visual Studio Solution File, Format Version 12.00
# Visual Studio Version 16
VisualStudioVersion = 16.0.32126.315
MinimumVisualStudioVersion = 10.0.40219.1
Project("{FAE04EC0-301F-11D3-BF4B-00C04F79EFBC}") = "Cyberprank2077", "Cyberprank2077\Cyberprank2077.csproj", "{58DFA2CC-711F-4B81-8332-31A50997BBEA}"
EndProject
Global
	GlobalSection(SolutionConfigurationPlatforms) = preSolution
		Debug|Any CPU = Debug|Any CPU
		Release|Any CPU = Release|Any CPU
	EndGlobalSection
	GlobalSection(ProjectConfigurationPlatforms) = postSolution
		{58DFA2CC-711F-4B81-8332-31A50997BBEA}.Debug|Any CPU.ActiveCfg = Debug|Any CPU
		{58DFA2CC-711F-4B81-8332-31A50997BBEA}.Debug|Any CPU.Build.0 = Debug|Any CPU
		{58DFA2CC-711F-4B81-8332-31A50997BBEA}.Release|Any CPU.ActiveCfg = Release|Any CPU
		{58DFA2CC-711F-4B81-8332-31A50997BBEA}.Release|Any CPU.Build.0 = Release|Any CPU
	EndGlobalSection
	GlobalSection(SolutionProperties) = preSolution
		HideSolutionNode = FALSE
	EndGlobalSection
	GlobalSection(ExtensibilityGlobals) = postSolution
		SolutionGuid = {A648FDBA-F5E5-41B9-9779-F56BFDF09F8F}
	EndGlobalSection
EndGlobal
